<Solution>
  <Project Path="ASHT.Api/ASHT.Api.csproj" />
  <Project Path="ASHT.Application/ASHT.Application.csproj" />
  <Project Path="ASHT.BlazorUI/ASHT.BlazorUI.csproj" />
  <Project Path="ASHT.Domain/ASHT.Domain.csproj" />
  <Project Path="ASHT.Infrastructure/ASHT.Infrastructure.csproj" />
  <Project Path="ASHT.Persistent/ASHT.Persistent.csproj" />
  <Project Path="ASHT.RazorPageUI/ASHT.RazorPageUI.csproj" Id="3de8612c-d2a9-4285-a533-cd85ba6f0127" />
  <Project Path="ASHT.SharedKarnel/ASHT.SharedKarnel.csproj" />
</Solution>
